
Microsoft Visual Studio Solution File, Format Version 9.00
# Visual C# Express 2005
Project("{FAE04EC0-301F-11D3-BF4B-00C04F79EFBC}") = "familyFinance.net", "familyFinance.net\familyFinance.net.csproj", "{4AC74244-698F-473F-B7D1-47A57B25FA8A}"
EndProject
Global
	GlobalSection(SolutionConfigurationPlatforms) = preSolution
		Debug|Any CPU = Debug|Any CPU
		Release|Any CPU = Release|Any CPU
	EndGlobalSection
	GlobalSection(ProjectConfigurationPlatforms) = postSolution
		{4AC74244-698F-473F-B7D1-47A57B25FA8A}.Debug|Any CPU.ActiveCfg = Debug|Any CPU
		{4AC74244-698F-473F-B7D1-47A57B25FA8A}.Debug|Any CPU.Build.0 = Debug|Any CPU
		{4AC74244-698F-473F-B7D1-47A57B25FA8A}.Release|Any CPU.ActiveCfg = Release|Any CPU
		{4AC74244-698F-473F-B7D1-47A57B25FA8A}.Release|Any CPU.Build.0 = Release|Any CPU
	EndGlobalSection
	GlobalSection(SolutionProperties) = preSolution
		HideSolutionNode = FALSE
	EndGlobalSection
EndGlobal
